{
    "_readme": [
        "This file locks the dependencies of your project to a known state",
        "Read more about it at https://getcomposer.org/doc/01-basic-usage.md#installing-dependencies",
        "This file is @generated automatically"
    ],
    "content-hash": "4591cd12e6bd77c4a90d87fb0c9a512c",
    "packages": [
        {
            "name": "agungdh/pustaka",
            "version": "1.0.17",
            "source": {
                "type": "git",
                "url": "https://github.com/agungdh/pustaka.git",
                "reference": "2eba803923a66e17f4aa47695410e4ef5c48211b"
            },
            "dist": {
                "type": "zip",
                "url": "https://api.github.com/repos/agungdh/pustaka/zipball/2eba803923a66e17f4aa47695410e4ef5c48211b",
                "reference": "2eba803923a66e17f4aa47695410e4ef5c48211b",
                "shasum": ""
            },
            "require": {
                "php": ">=5.6.0"
            },
            "type": "package",
            "autoload": {
                "psr-4": {
                    "agungdh\\": "src/"
                }
            },
            "notification-url": "https://packagist.org/downloads/",
            "license": [
                "MIT"
            ],
            "authors": [
                {
                    "name": "agungdh",
                    "email": "agungdh@live.com"
                }
            ],
            "description": "Collection of libraries commonly used in developing web applications by AgungDH",
            "time": "2019-11-28T11:57:41+00:00"
        }
    ],
    "packages-dev": [],
    "aliases": [],
    "minimum-stability": "stable",
    "stability-flags": [],
    "prefer-stable": false,
    "prefer-lowest": false,
    "platform": [],
    "platform-dev": []
}
